// !$*UTF8*$!
{
	archiveVersion = 1;
	classes = {
	};
	objectVersion = 56;
	objects = {

/* Begin PBXBuildFile section */
		4370721F29CB18EA007FE4D7 /* AppDelegate.swift in Sources */ = {isa = PBXBuildFile; fileRef = 4370721E29CB18EA007FE4D7 /* AppDelegate.swift */; };
		4370722129CB18EA007FE4D7 /* SceneDelegate.swift in Sources */ = {isa = PBXBuildFile; fileRef = 4370722029CB18EA007FE4D7 /* SceneDelegate.swift */; };
		4370722329CB18EA007FE4D7 /* ViewController.swift in Sources */ = {isa = PBXBuildFile; fileRef = 4370722229CB18EA007FE4D7 /* ViewController.swift */; };
		4370722629CB18EA007FE4D7 /* Main.storyboard in Resources */ = {isa = PBXBuildFile; fileRef = 4370722429CB18EA007FE4D7 /* Main.storyboard */; };
		4370722829CB18EA007FE4D7 /* Assets.xcassets in Resources */ = {isa = PBXBuildFile; fileRef = 4370722729CB18EA007FE4D7 /* Assets.xcassets */; };
		4370722B29CB18EA007FE4D7 /* LaunchScreen.storyboard in Resources */ = {isa = PBXBuildFile; fileRef = 4370722929CB18EA007FE4D7 /* LaunchScreen.storyboard */; };
		4370723329CB1944007FE4D7 /* Calender.swift in Sources */ = {isa = PBXBuildFile; fileRef = 4370723229CB1944007FE4D7 /* Calender.swift */; };
		4370723729CB1988007FE4D7 /* CalenderCellCollectionViewCell.swift in Sources */ = {isa = PBXBuildFile; fileRef = 4370723629CB1988007FE4D7 /* CalenderCellCollectionViewCell.swift */; };
		4370723929CB19DF007FE4D7 /* Product.swift in Sources */ = {isa = PBXBuildFile; fileRef = 4370723829CB19DF007FE4D7 /* Product.swift */; };
		4370723B29CB1B92007FE4D7 /* TableViewCell.swift in Sources */ = {isa = PBXBuildFile; fileRef = 4370723A29CB1B92007FE4D7 /* TableViewCell.swift */; };
/* End PBXBuildFile section */

/* Begin PBXFileReference section */
		4370721B29CB18EA007FE4D7 /* UIKitTableView.app */ = {isa = PBXFileReference; explicitFileType = wrapper.application; includeInIndex = 0; path = UIKitTableView.app; sourceTree = BUILT_PRODUCTS_DIR; };
		4370721E29CB18EA007FE4D7 /* AppDelegate.swift */ = {isa = PBXFileReference; lastKnownFileType = sourcecode.swift; path = AppDelegate.swift; sourceTree = "<group>"; };
		4370722029CB18EA007FE4D7 /* SceneDelegate.swift */ = {isa = PBXFileReference; lastKnownFileType = sourcecode.swift; path = SceneDelegate.swift; sourceTree = "<group>"; };
		4370722229CB18EA007FE4D7 /* ViewController.swift */ = {isa = PBXFileReference; lastKnownFileType = sourcecode.swift; path = ViewController.swift; sourceTree = "<group>"; };
		4370722529CB18EA007FE4D7 /* Base */ = {isa = PBXFileReference; lastKnownFileType = file.storyboard; name = Base; path = Base.lproj/Main.storyboard; sourceTree = "<group>"; };
		4370722729CB18EA007FE4D7 /* Assets.xcassets */ = {isa = PBXFileReference; lastKnownFileType = folder.assetcatalog; path = Assets.xcassets; sourceTree = "<group>"; };
		4370722A29CB18EA007FE4D7 /* Base */ = {isa = PBXFileReference; lastKnownFileType = file.storyboard; name = Base; path = Base.lproj/LaunchScreen.storyboard; sourceTree = "<group>"; };
		4370722C29CB18EA007FE4D7 /* Info.plist */ = {isa = PBXFileReference; lastKnownFileType = text.plist.xml; path = Info.plist; sourceTree = "<group>"; };
		4370723229CB1944007FE4D7 /* Calender.swift */ = {isa = PBXFileReference; lastKnownFileType = sourcecode.swift; path = Calender.swift; sourceTree = "<group>"; };
		4370723629CB1988007FE4D7 /* CalenderCellCollectionViewCell.swift */ = {isa = PBXFileReference; lastKnownFileType = sourcecode.swift; path = CalenderCellCollectionViewCell.swift; sourceTree = "<group>"; };
		4370723829CB19DF007FE4D7 /* Product.swift */ = {isa = PBXFileReference; lastKnownFileType = sourcecode.swift; path = Product.swift; sourceTree = "<group>"; };
		4370723A29CB1B92007FE4D7 /* TableViewCell.swift */ = {isa = PBXFileReference; lastKnownFileType = sourcecode.swift; path = TableViewCell.swift; sourceTree = "<group>"; };
/* End PBXFileReference section */

/* Begin PBXFrameworksBuildPhase section */
		4370721829CB18EA007FE4D7 /* Frameworks */ = {
			isa = PBXFrameworksBuildPhase;
			buildActionMask = 2147483647;
			files = (
			);
			runOnlyForDeploymentPostprocessing = 0;
		};
/* End PBXFrameworksBuildPhase section */

/* Begin PBXGroup section */
		4370721229CB18EA007FE4D7 = {
			isa = PBXGroup;
			children = (
				4370721D29CB18EA007FE4D7 /* UIKitTableView */,
				4370721C29CB18EA007FE4D7 /* Products */,
			);
			sourceTree = "<group>";
		};
		4370721C29CB18EA007FE4D7 /* Products */ = {
			isa = PBXGroup;
			children = (
				4370721B29CB18EA007FE4D7 /* UIKitTableView.app */,
			);
			name = Products;
			sourceTree = "<group>";
		};
		4370721D29CB18EA007FE4D7 /* UIKitTableView */ = {
			isa = PBXGroup;
			children = (
				4370721E29CB18EA007FE4D7 /* AppDelegate.swift */,
				4370722029CB18EA007FE4D7 /* SceneDelegate.swift */,
				4370722229CB18EA007FE4D7 /* ViewController.swift */,
				4370723629CB1988007FE4D7 /* CalenderCellCollectionViewCell.swift */,
				4370723229CB1944007FE4D7 /* Calender.swift */,
				4370723A29CB1B92007FE4D7 /* TableViewCell.swift */,
				4370723829CB19DF007FE4D7 /* Product.swift */,
				4370722429CB18EA007FE4D7 /* Main.storyboard */,
				4370722729CB18EA007FE4D7 /* Assets.xcassets */,
				4370722929CB18EA007FE4D7 /* LaunchScreen.storyboard */,
				4370722C29CB18EA007FE4D7 /* Info.plist */,
			);
			path = UIKitTableView;
			sourceTree = "<group>";
		};
/* End PBXGroup section */

/* Begin PBXNativeTarget section */
		4370721A29CB18EA007FE4D7 /* UIKitTableView */ = {
			isa = PBXNativeTarget;
			buildConfigurationList = 4370722F29CB18EA007FE4D7 /* Build configuration list for PBXNativeTarget "UIKitTableView" */;
			buildPhases = (
				4370721729CB18EA007FE4D7 /* Sources */,
				4370721829CB18EA007FE4D7 /* Frameworks */,
				4370721929CB18EA007FE4D7 /* Resources */,
			);
			buildRules = (
			);
			dependencies = (
			);
			name = UIKitTableView;
			productName = UIKitTableView;
			productReference = 4370721B29CB18EA007FE4D7 /* UIKitTableView.app */;
			productType = "com.apple.product-type.application";
		};
/* End PBXNativeTarget section */

/* Begin PBXProject section */
		4370721329CB18EA007FE4D7 /* Project object */ = {
			isa = PBXProject;
			attributes = {
				BuildIndependentTargetsInParallel = 1;
				LastSwiftUpdateCheck = 1420;
				LastUpgradeCheck = 1420;
				TargetAttributes = {
					4370721A29CB18EA007FE4D7 = {
						CreatedOnToolsVersion = 14.2;
					};
				};
			};
			buildConfigurationList = 4370721629CB18EA007FE4D7 /* Build configuration list for PBXProject "UIKitTableView" */;
			compatibilityVersion = "Xcode 14.0";
			developmentRegion = en;
			hasScannedForEncodings = 0;
			knownRegions = (
				en,
				Base,
			);
			mainGroup = 4370721229CB18EA007FE4D7;
			productRefGroup = 4370721C29CB18EA007FE4D7 /* Products */;
			projectDirPath = "";
			projectRoot = "";
			targets = (
				4370721A29CB18EA007FE4D7 /* UIKitTableView */,
			);
		};
/* End PBXProject section */

/* Begin PBXResourcesBuildPhase section */
		4370721929CB18EA007FE4D7 /* Resources */ = {
			isa = PBXResourcesBuildPhase;
			buildActionMask = 2147483647;
			files = (
				4370722B29CB18EA007FE4D7 /* LaunchScreen.storyboard in Resources */,
				4370722829CB18EA007FE4D7 /* Assets.xcassets in Resources */,
				4370722629CB18EA007FE4D7 /* Main.storyboard in Resources */,
			);
			runOnlyForDeploymentPostprocessing = 0;
		};
/* End PBXResourcesBuildPhase section */

/* Begin PBXSourcesBuildPhase section */
		4370721729CB18EA007FE4D7 /* Sources */ = {
			isa = PBXSourcesBuildPhase;
			buildActionMask = 2147483647;
			files = (
				4370722329CB18EA007FE4D7 /* ViewController.swift in Sources */,
				4370723729CB1988007FE4D7 /* CalenderCellCollectionViewCell.swift in Sources */,
				4370721F29CB18EA007FE4D7 /* AppDelegate.swift in Sources */,
				4370722129CB18EA007FE4D7 /* SceneDelegate.swift in Sources */,
				4370723329CB1944007FE4D7 /* Calender.swift in Sources */,
				4370723B29CB1B92007FE4D7 /* TableViewCell.swift in Sources */,
				4370723929CB19DF007FE4D7 /* Product.swift in Sources */,
			);
			runOnlyForDeploymentPostprocessing = 0;
		};
/* End PBXSourcesBuildPhase section */

/* Begin PBXVariantGroup section */
		4370722429CB18EA007FE4D7 /* Main.storyboard */ = {
			isa = PBXVariantGroup;
			children = (
				4370722529CB18EA007FE4D7 /* Base */,
			);
			name = Main.storyboard;
			sourceTree = "<group>";
		};
		4370722929CB18EA007FE4D7 /* LaunchScreen.storyboard */ = {
			isa = PBXVariantGroup;
			children = (
				4370722A29CB18EA007FE4D7 /* Base */,
			);
			name = LaunchScreen.storyboard;
			sourceTree = "<group>";
		};
/* End PBXVariantGroup section */

/* Begin XCBuildConfiguration section */
		4370722D29CB18EA007FE4D7 /* Debug */ = {
			isa = XCBuildConfiguration;
			buildSettings = {
				ALWAYS_SEARCH_USER_PATHS = NO;
				CLANG_ANALYZER_NONNULL = YES;
				CLANG_ANALYZER_NUMBER_OBJECT_CONVERSION = YES_AGGRESSIVE;
				CLANG_CXX_LANGUAGE_STANDARD = "gnu++20";
				CLANG_ENABLE_MODULES = YES;
				CLANG_ENABLE_OBJC_ARC = YES;
				CLANG_ENABLE_OBJC_WEAK = YES;
				CLANG_WARN_BLOCK_CAPTURE_AUTORELEASING = YES;
				CLANG_WARN_BOOL_CONVERSION = YES;
				CLANG_WARN_COMMA = YES;
				CLANG_WARN_CONSTANT_CONVERSION = YES;
				CLANG_WARN_DEPRECATED_OBJC_IMPLEMENTATIONS = YES;
				CLANG_WARN_DIRECT_OBJC_ISA_USAGE = YES_ERROR;
				CLANG_WARN_DOCUMENTATION_COMMENTS = YES;
				CLANG_WARN_EMPTY_BODY = YES;
				CLANG_WARN_ENUM_CONVERSION = YES;
				CLANG_WARN_INFINITE_RECURSION = YES;
				CLANG_WARN_INT_CONVERSION = YES;
				CLANG_WARN_NON_LITERAL_NULL_CONVERSION = YES;
				CLANG_WARN_OBJC_IMPLICIT_RETAIN_SELF = YES;
				CLANG_WARN_OBJC_LITERAL_CONVERSION = YES;
				CLANG_WARN_OBJC_ROOT_CLASS = YES_ERROR;
				CLANG_WARN_QUOTED_INCLUDE_IN_FRAMEWORK_HEADER = YES;
				CLANG_WARN_RANGE_LOOP_ANALYSIS = YES;
				CLANG_WARN_STRICT_PROTOTYPES = YES;
				CLANG_WARN_SUSPICIOUS_MOVE = YES;
				CLANG_WARN_UNGUARDED_AVAILABILITY = YES_AGGRESSIVE;
				CLANG_WARN_UNREACHABLE_CODE = YES;
				CLANG_WARN__DUPLICATE_METHOD_MATCH = YES;
				COPY_PHASE_STRIP = NO;
				DEBUG_INFORMATION_FORMAT = dwarf;
				ENABLE_STRICT_OBJC_MSGSEND = YES;
				ENABLE_TESTABILITY = YES;
				GCC_C_LANGUAGE_STANDARD = gnu11;
				GCC_DYNAMIC_NO_PIC = NO;
				GCC_NO_COMMON_BLOCKS = YES;
				GCC_OPTIMIZATION_LEVEL = 0;
				GCC_PREPROCESSOR_DEFINITIONS = (
					"DEBUG=1",
					"$(inherited)",
				);
				GCC_WARN_64_TO_32_BIT_CONVERSION = YES;
				GCC_WARN_ABOUT_RETURN_TYPE = YES_ERROR;
				GCC_WARN_UNDECLARED_SELECTOR = YES;
				GCC_WARN_UNINITIALIZED_AUTOS = YES_AGGRESSIVE;
				GCC_WARN_UNUSED_FUNCTION = YES;
				GCC_WARN_UNUSED_VARIABLE = YES;
				IPHONEOS_DEPLOYMENT_TARGET = 16.2;
				MTL_ENABLE_DEBUG_INFO = INCLUDE_SOURCE;
				MTL_FAST_MATH = YES;
				ONLY_ACTIVE_ARCH = YES;
				SDKROOT = iphoneos;
				SWIFT_ACTIVE_COMPILATION_CONDITIONS = DEBUG;
				SWIFT_OPTIMIZATION_LEVEL = "-Onone";
			};
			name = Debug;
		};
		4370722E29CB18EA007FE4D7 /* Release */ = {
			isa = XCBuildConfiguration;
			buildSettings = {
				ALWAYS_SEARCH_USER_PATHS = NO;
				CLANG_ANALYZER_NONNULL = YES;
				CLANG_ANALYZER_NUMBER_OBJECT_CONVERSION = YES_AGGRESSIVE;
				CLANG_CXX_LANGUAGE_STANDARD = "gnu++20";
				CLANG_ENABLE_MODULES = YES;
				CLANG_ENABLE_OBJC_ARC = YES;
				CLANG_ENABLE_OBJC_WEAK = YES;
				CLANG_WARN_BLOCK_CAPTURE_AUTORELEASING = YES;
				CLANG_WARN_BOOL_CONVERSION = YES;
				CLANG_WARN_COMMA = YES;
				CLANG_WARN_CONSTANT_CONVERSION = YES;
				CLANG_WARN_DEPRECATED_OBJC_IMPLEMENTATIONS = YES;
				CLANG_WARN_DIRECT_OBJC_ISA_USAGE = YES_ERROR;
				CLANG_WARN_DOCUMENTATION_COMMENTS = YES;
				CLANG_WARN_EMPTY_BODY = YES;
				CLANG_WARN_ENUM_CONVERSION = YES;
				CLANG_WARN_INFINITE_RECURSION = YES;
				CLANG_WARN_INT_CONVERSION = YES;
				CLANG_WARN_NON_LITERAL_NULL_CONVERSION = YES;
				CLANG_WARN_OBJC_IMPLICIT_RETAIN_SELF = YES;
				CLANG_WARN_OBJC_LITERAL_CONVERSION = YES;
				CLANG_WARN_OBJC_ROOT_CLASS = YES_ERROR;
				CLANG_WARN_QUOTED_INCLUDE_IN_FRAMEWORK_HEADER = YES;
				CLANG_WARN_RANGE_LOOP_ANALYSIS = YES;
				CLANG_WARN_STRICT_PROTOTYPES = YES;
				CLANG_WARN_SUSPICIOUS_MOVE = YES;
				CLANG_WARN_UNGUARDED_AVAILABILITY = YES_AGGRESSIVE;
				CLANG_WARN_UNREACHABLE_CODE = YES;
				CLANG_WARN__DUPLICATE_METHOD_MATCH = YES;
				COPY_PHASE_STRIP = NO;
				DEBUG_INFORMATION_FORMAT = "dwarf-with-dsym";
				ENABLE_NS_ASSERTIONS = NO;
				ENABLE_STRICT_OBJC_MSGSEND = YES;
				GCC_C_LANGUAGE_STANDARD = gnu11;
				GCC_NO_COMMON_BLOCKS = YES;
				GCC_WARN_64_TO_32_BIT_CONVERSION = YES;
				GCC_WARN_ABOUT_RETURN_TYPE = YES_ERROR;
				GCC_WARN_UNDECLARED_SELECTOR = YES;
				GCC_WARN_UNINITIALIZED_AUTOS = YES_AGGRESSIVE;
				GCC_WARN_UNUSED_FUNCTION = YES;
				GCC_WARN_UNUSED_VARIABLE = YES;
				IPHONEOS_DEPLOYMENT_TARGET = 16.2;
				MTL_ENABLE_DEBUG_INFO = NO;
				MTL_FAST_MATH = YES;
				SDKROOT = iphoneos;
				SWIFT_COMPILATION_MODE = wholemodule;
				SWIFT_OPTIMIZATION_LEVEL = "-O";
				VALIDATE_PRODUCT = YES;
			};
			name = Release;
		};
		4370723029CB18EA007FE4D7 /* Debug */ = {
			isa = XCBuildConfiguration;
			buildSettings = {
				ASSETCATALOG_COMPILER_APPICON_NAME = AppIcon;
				ASSETCATALOG_COMPILER_GLOBAL_ACCENT_COLOR_NAME = AccentColor;
				CODE_SIGN_STYLE = Automatic;
				CURRENT_PROJECT_VERSION = 1;
				GENERATE_INFOPLIST_FILE = YES;
				INFOPLIST_FILE = UIKitTableView/Info.plist;
				INFOPLIST_KEY_UIApplicationSupportsIndirectInputEvents = YES;
				INFOPLIST_KEY_UILaunchStoryboardName = LaunchScreen;
				INFOPLIST_KEY_UIMainStoryboardFile = Main;
				INFOPLIST_KEY_UISupportedInterfaceOrientations_iPad = "UIInterfaceOrientationPortrait UIInterfaceOrientationPortraitUpsideDown UIInterfaceOrientationLandscapeLeft UIInterfaceOrientationLandscapeRight";
				INFOPLIST_KEY_UISupportedInterfaceOrientations_iPhone = "UIInterfaceOrientationPortrait UIInterfaceOrientationLandscapeLeft UIInterfaceOrientationLandscapeRight";
				LD_RUNPATH_SEARCH_PATHS = (
					"$(inherited)",
					"@executable_path/Frameworks",
				);
				MARKETING_VERSION = 1.0;
				PRODUCT_BUNDLE_IDENTIFIER = tableExample.UIKitTableView;
				PRODUCT_NAME = "$(TARGET_NAME)";
				SWIFT_EMIT_LOC_STRINGS = YES;
				SWIFT_VERSION = 5.0;
				TARGETED_DEVICE_FAMILY = "1,2";
			};
			name = Debug;
		};
		4370723129CB18EA007FE4D7 /* Release */ = {
			isa = XCBuildConfiguration;
			buildSettings = {
				ASSETCATALOG_COMPILER_APPICON_NAME = AppIcon;
				ASSETCATALOG_COMPILER_GLOBAL_ACCENT_COLOR_NAME = AccentColor;
				CODE_SIGN_STYLE = Automatic;
				CURRENT_PROJECT_VERSION = 1;
				GENERATE_INFOPLIST_FILE = YES;
				INFOPLIST_FILE = UIKitTableView/Info.plist;
				INFOPLIST_KEY_UIApplicationSupportsIndirectInputEvents = YES;
				INFOPLIST_KEY_UILaunchStoryboardName = LaunchScreen;
				INFOPLIST_KEY_UIMainStoryboardFile = Main;
				INFOPLIST_KEY_UISupportedInterfaceOrientations_iPad = "UIInterfaceOrientationPortrait UIInterfaceOrientationPortraitUpsideDown UIInterfaceOrientationLandscapeLeft UIInterfaceOrientationLandscapeRight";
				INFOPLIST_KEY_UISupportedInterfaceOrientations_iPhone = "UIInterfaceOrientationPortrait UIInterfaceOrientationLandscapeLeft UIInterfaceOrientationLandscapeRight";
				LD_RUNPATH_SEARCH_PATHS = (
					"$(inherited)",
					"@executable_path/Frameworks",
				);
				MARKETING_VERSION = 1.0;
				PRODUCT_BUNDLE_IDENTIFIER = tableExample.UIKitTableView;
				PRODUCT_NAME = "$(TARGET_NAME)";
				SWIFT_EMIT_LOC_STRINGS = YES;
				SWIFT_VERSION = 5.0;
				TARGETED_DEVICE_FAMILY = "1,2";
			};
			name = Release;
		};
/* End XCBuildConfiguration section */

/* Begin XCConfigurationList section */
		4370721629CB18EA007FE4D7 /* Build configuration list for PBXProject "UIKitTableView" */ = {
			isa = XCConfigurationList;
			buildConfigurations = (
				4370722D29CB18EA007FE4D7 /* Debug */,
				4370722E29CB18EA007FE4D7 /* Release */,
			);
			defaultConfigurationIsVisible = 0;
			defaultConfigurationName = Release;
		};
		4370722F29CB18EA007FE4D7 /* Build configuration list for PBXNativeTarget "UIKitTableView" */ = {
			isa = XCConfigurationList;
			buildConfigurations = (
				4370723029CB18EA007FE4D7 /* Debug */,
				4370723129CB18EA007FE4D7 /* Release */,
			);
			defaultConfigurationIsVisible = 0;
			defaultConfigurationName = Release;
		};
/* End XCConfigurationList section */
	};
	rootObject = 4370721329CB18EA007FE4D7 /* Project object */;
}
